// !$*UTF8*$!
{
	archiveVersion = 1;
	classes = {
	};
	objectVersion = 46;
	objects = {

/* Begin PBXBuildFile section */
		1C3208A41AF0B0F200479804 /* main.m in Sources */ = {isa = PBXBuildFile; fileRef = 1C3208A31AF0B0F200479804 /* main.m */; };
		1C3208A71AF0B0F200479804 /* AppDelegate.m in Sources */ = {isa = PBXBuildFile; fileRef = 1C3208A61AF0B0F200479804 /* AppDelegate.m */; };
		1C3208AF1AF0B0F200479804 /* Images.xcassets in Resources */ = {isa = PBXBuildFile; fileRef = 1C3208AE1AF0B0F200479804 /* Images.xcassets */; };
		1C3208BE1AF0B0F200479804 /* DaiSurvivorTests.m in Sources */ = {isa = PBXBuildFile; fileRef = 1C3208BD1AF0B0F200479804 /* DaiSurvivorTests.m */; };
		1C3208C81AF0B12400479804 /* Default-568h@2x.png in Resources */ = {isa = PBXBuildFile; fileRef = 1C3208C71AF0B12400479804 /* Default-568h@2x.png */; };
		1C3208CD1AF0B19300479804 /* MainViewController.m in Sources */ = {isa = PBXBuildFile; fileRef = 1C3208CB1AF0B19300479804 /* MainViewController.m */; };
		1C3208CE1AF0B19300479804 /* MainViewController.xib in Resources */ = {isa = PBXBuildFile; fileRef = 1C3208CC1AF0B19300479804 /* MainViewController.xib */; };
		1C3208D11AF0B50600479804 /* DaiSurvivor.m in Sources */ = {isa = PBXBuildFile; fileRef = 1C3208D01AF0B50600479804 /* DaiSurvivor.m */; };
/* End PBXBuildFile section */

/* Begin PBXContainerItemProxy section */
		1C3208B81AF0B0F200479804 /* PBXContainerItemProxy */ = {
			isa = PBXContainerItemProxy;
			containerPortal = 1C3208961AF0B0F200479804 /* Project object */;
			proxyType = 1;
			remoteGlobalIDString = 1C32089D1AF0B0F200479804;
			remoteInfo = DaiSurvivor;
		};
/* End PBXContainerItemProxy section */

/* Begin PBXFileReference section */
		1C32089E1AF0B0F200479804 /* DaiSurvivor.app */ = {isa = PBXFileReference; explicitFileType = wrapper.application; includeInIndex = 0; path = DaiSurvivor.app; sourceTree = BUILT_PRODUCTS_DIR; };
		1C3208A21AF0B0F200479804 /* Info.plist */ = {isa = PBXFileReference; lastKnownFileType = text.plist.xml; path = Info.plist; sourceTree = "<group>"; };
		1C3208A31AF0B0F200479804 /* main.m */ = {isa = PBXFileReference; lastKnownFileType = sourcecode.c.objc; path = main.m; sourceTree = "<group>"; };
		1C3208A51AF0B0F200479804 /* AppDelegate.h */ = {isa = PBXFileReference; lastKnownFileType = sourcecode.c.h; path = AppDelegate.h; sourceTree = "<group>"; };
		1C3208A61AF0B0F200479804 /* AppDelegate.m */ = {isa = PBXFileReference; lastKnownFileType = sourcecode.c.objc; path = AppDelegate.m; sourceTree = "<group>"; };
		1C3208AE1AF0B0F200479804 /* Images.xcassets */ = {isa = PBXFileReference; lastKnownFileType = folder.assetcatalog; path = Images.xcassets; sourceTree = "<group>"; };
		1C3208B71AF0B0F200479804 /* DaiSurvivorTests.xctest */ = {isa = PBXFileReference; explicitFileType = wrapper.cfbundle; includeInIndex = 0; path = DaiSurvivorTests.xctest; sourceTree = BUILT_PRODUCTS_DIR; };
		1C3208BC1AF0B0F200479804 /* Info.plist */ = {isa = PBXFileReference; lastKnownFileType = text.plist.xml; path = Info.plist; sourceTree = "<group>"; };
		1C3208BD1AF0B0F200479804 /* DaiSurvivorTests.m */ = {isa = PBXFileReference; lastKnownFileType = sourcecode.c.objc; path = DaiSurvivorTests.m; sourceTree = "<group>"; };
		1C3208C71AF0B12400479804 /* Default-568h@2x.png */ = {isa = PBXFileReference; lastKnownFileType = image.png; path = "Default-568h@2x.png"; sourceTree = "<group>"; };
		1C3208CA1AF0B19300479804 /* MainViewController.h */ = {isa = PBXFileReference; fileEncoding = 4; lastKnownFileType = sourcecode.c.h; path = MainViewController.h; sourceTree = "<group>"; };
		1C3208CB1AF0B19300479804 /* MainViewController.m */ = {isa = PBXFileReference; fileEncoding = 4; lastKnownFileType = sourcecode.c.objc; path = MainViewController.m; sourceTree = "<group>"; };
		1C3208CC1AF0B19300479804 /* MainViewController.xib */ = {isa = PBXFileReference; fileEncoding = 4; lastKnownFileType = file.xib; path = MainViewController.xib; sourceTree = "<group>"; };
		1C3208CF1AF0B50600479804 /* DaiSurvivor.h */ = {isa = PBXFileReference; fileEncoding = 4; lastKnownFileType = sourcecode.c.h; path = DaiSurvivor.h; sourceTree = "<group>"; };
		1C3208D01AF0B50600479804 /* DaiSurvivor.m */ = {isa = PBXFileReference; fileEncoding = 4; lastKnownFileType = sourcecode.c.objc; path = DaiSurvivor.m; sourceTree = "<group>"; };
/* End PBXFileReference section */

/* Begin PBXFrameworksBuildPhase section */
		1C32089B1AF0B0F200479804 /* Frameworks */ = {
			isa = PBXFrameworksBuildPhase;
			buildActionMask = 2147483647;
			files = (
			);
			runOnlyForDeploymentPostprocessing = 0;
		};
		1C3208B41AF0B0F200479804 /* Frameworks */ = {
			isa = PBXFrameworksBuildPhase;
			buildActionMask = 2147483647;
			files = (
			);
			runOnlyForDeploymentPostprocessing = 0;
		};
/* End PBXFrameworksBuildPhase section */

/* Begin PBXGroup section */
		1C3208951AF0B0F200479804 = {
			isa = PBXGroup;
			children = (
				1C3208A01AF0B0F200479804 /* DaiSurvivor */,
				1C3208BA1AF0B0F200479804 /* DaiSurvivorTests */,
				1C32089F1AF0B0F200479804 /* Products */,
			);
			sourceTree = "<group>";
		};
		1C32089F1AF0B0F200479804 /* Products */ = {
			isa = PBXGroup;
			children = (
				1C32089E1AF0B0F200479804 /* DaiSurvivor.app */,
				1C3208B71AF0B0F200479804 /* DaiSurvivorTests.xctest */,
			);
			name = Products;
			sourceTree = "<group>";
		};
		1C3208A01AF0B0F200479804 /* DaiSurvivor */ = {
			isa = PBXGroup;
			children = (
				1C3208C91AF0B14800479804 /* DaiSurvivor */,
				1C3208A51AF0B0F200479804 /* AppDelegate.h */,
				1C3208A61AF0B0F200479804 /* AppDelegate.m */,
				1C3208CA1AF0B19300479804 /* MainViewController.h */,
				1C3208CB1AF0B19300479804 /* MainViewController.m */,
				1C3208CC1AF0B19300479804 /* MainViewController.xib */,
				1C3208AE1AF0B0F200479804 /* Images.xcassets */,
				1C3208A11AF0B0F200479804 /* Supporting Files */,
			);
			path = DaiSurvivor;
			sourceTree = "<group>";
		};
		1C3208A11AF0B0F200479804 /* Supporting Files */ = {
			isa = PBXGroup;
			children = (
				1C3208C71AF0B12400479804 /* Default-568h@2x.png */,
				1C3208A21AF0B0F200479804 /* Info.plist */,
				1C3208A31AF0B0F200479804 /* main.m */,
			);
			name = "Supporting Files";
			sourceTree = "<group>";
		};
		1C3208BA1AF0B0F200479804 /* DaiSurvivorTests */ = {
			isa = PBXGroup;
			children = (
				1C3208BD1AF0B0F200479804 /* DaiSurvivorTests.m */,
				1C3208BB1AF0B0F200479804 /* Supporting Files */,
			);
			path = DaiSurvivorTests;
			sourceTree = "<group>";
		};
		1C3208BB1AF0B0F200479804 /* Supporting Files */ = {
			isa = PBXGroup;
			children = (
				1C3208BC1AF0B0F200479804 /* Info.plist */,
			);
			name = "Supporting Files";
			sourceTree = "<group>";
		};
		1C3208C91AF0B14800479804 /* DaiSurvivor */ = {
			isa = PBXGroup;
			children = (
				1C3208CF1AF0B50600479804 /* DaiSurvivor.h */,
				1C3208D01AF0B50600479804 /* DaiSurvivor.m */,
			);
			path = DaiSurvivor;
			sourceTree = "<group>";
		};
/* End PBXGroup section */

/* Begin PBXNativeTarget section */
		1C32089D1AF0B0F200479804 /* DaiSurvivor */ = {
			isa = PBXNativeTarget;
			buildConfigurationList = 1C3208C11AF0B0F200479804 /* Build configuration list for PBXNativeTarget "DaiSurvivor" */;
			buildPhases = (
				1C32089A1AF0B0F200479804 /* Sources */,
				1C32089B1AF0B0F200479804 /* Frameworks */,
				1C32089C1AF0B0F200479804 /* Resources */,
			);
			buildRules = (
			);
			dependencies = (
			);
			name = DaiSurvivor;
			productName = DaiSurvivor;
			productReference = 1C32089E1AF0B0F200479804 /* DaiSurvivor.app */;
			productType = "com.apple.product-type.application";
		};
		1C3208B61AF0B0F200479804 /* DaiSurvivorTests */ = {
			isa = PBXNativeTarget;
			buildConfigurationList = 1C3208C41AF0B0F200479804 /* Build configuration list for PBXNativeTarget "DaiSurvivorTests" */;
			buildPhases = (
				1C3208B31AF0B0F200479804 /* Sources */,
				1C3208B41AF0B0F200479804 /* Frameworks */,
				1C3208B51AF0B0F200479804 /* Resources */,
			);
			buildRules = (
			);
			dependencies = (
				1C3208B91AF0B0F200479804 /* PBXTargetDependency */,
			);
			name = DaiSurvivorTests;
			productName = DaiSurvivorTests;
			productReference = 1C3208B71AF0B0F200479804 /* DaiSurvivorTests.xctest */;
			productType = "com.apple.product-type.bundle.unit-test";
		};
/* End PBXNativeTarget section */

/* Begin PBXProject section */
		1C3208961AF0B0F200479804 /* Project object */ = {
			isa = PBXProject;
			attributes = {
				LastUpgradeCheck = 0620;
				ORGANIZATIONNAME = DaidoujiChen;
				TargetAttributes = {
					1C32089D1AF0B0F200479804 = {
						CreatedOnToolsVersion = 6.2;
						SystemCapabilities = {
							com.apple.BackgroundModes = {
								enabled = 1;
							};
						};
					};
					1C3208B61AF0B0F200479804 = {
						CreatedOnToolsVersion = 6.2;
						TestTargetID = 1C32089D1AF0B0F200479804;
					};
				};
			};
			buildConfigurationList = 1C3208991AF0B0F200479804 /* Build configuration list for PBXProject "DaiSurvivor" */;
			compatibilityVersion = "Xcode 3.2";
			developmentRegion = English;
			hasScannedForEncodings = 0;
			knownRegions = (
				en,
				Base,
			);
			mainGroup = 1C3208951AF0B0F200479804;
			productRefGroup = 1C32089F1AF0B0F200479804 /* Products */;
			projectDirPath = "";
			projectRoot = "";
			targets = (
				1C32089D1AF0B0F200479804 /* DaiSurvivor */,
				1C3208B61AF0B0F200479804 /* DaiSurvivorTests */,
			);
		};
/* End PBXProject section */

/* Begin PBXResourcesBuildPhase section */
		1C32089C1AF0B0F200479804 /* Resources */ = {
			isa = PBXResourcesBuildPhase;
			buildActionMask = 2147483647;
			files = (
				1C3208AF1AF0B0F200479804 /* Images.xcassets in Resources */,
				1C3208CE1AF0B19300479804 /* MainViewController.xib in Resources */,
				1C3208C81AF0B12400479804 /* Default-568h@2x.png in Resources */,
			);
			runOnlyForDeploymentPostprocessing = 0;
		};
		1C3208B51AF0B0F200479804 /* Resources */ = {
			isa = PBXResourcesBuildPhase;
			buildActionMask = 2147483647;
			files = (
			);
			runOnlyForDeploymentPostprocessing = 0;
		};
/* End PBXResourcesBuildPhase section */

/* Begin PBXSourcesBuildPhase section */
		1C32089A1AF0B0F200479804 /* Sources */ = {
			isa = PBXSourcesBuildPhase;
			buildActionMask = 2147483647;
			files = (
				1C3208A71AF0B0F200479804 /* AppDelegate.m in Sources */,
				1C3208CD1AF0B19300479804 /* MainViewController.m in Sources */,
				1C3208D11AF0B50600479804 /* DaiSurvivor.m in Sources */,
				1C3208A41AF0B0F200479804 /* main.m in Sources */,
			);
			runOnlyForDeploymentPostprocessing = 0;
		};
		1C3208B31AF0B0F200479804 /* Sources */ = {
			isa = PBXSourcesBuildPhase;
			buildActionMask = 2147483647;
			files = (
				1C3208BE1AF0B0F200479804 /* DaiSurvivorTests.m in Sources */,
			);
			runOnlyForDeploymentPostprocessing = 0;
		};
/* End PBXSourcesBuildPhase section */

/* Begin PBXTargetDependency section */
		1C3208B91AF0B0F200479804 /* PBXTargetDependency */ = {
			isa = PBXTargetDependency;
			target = 1C32089D1AF0B0F200479804 /* DaiSurvivor */;
			targetProxy = 1C3208B81AF0B0F200479804 /* PBXContainerItemProxy */;
		};
/* End PBXTargetDependency section */

/* Begin XCBuildConfiguration section */
		1C3208BF1AF0B0F200479804 /* Debug */ = {
			isa = XCBuildConfiguration;
			buildSettings = {
				ALWAYS_SEARCH_USER_PATHS = NO;
				CLANG_CXX_LANGUAGE_STANDARD = "gnu++0x";
				CLANG_CXX_LIBRARY = "libc++";
				CLANG_ENABLE_MODULES = YES;
				CLANG_ENABLE_OBJC_ARC = YES;
				CLANG_WARN_BOOL_CONVERSION = YES;
				CLANG_WARN_CONSTANT_CONVERSION = YES;
				CLANG_WARN_DIRECT_OBJC_ISA_USAGE = YES_ERROR;
				CLANG_WARN_EMPTY_BODY = YES;
				CLANG_WARN_ENUM_CONVERSION = YES;
				CLANG_WARN_INT_CONVERSION = YES;
				CLANG_WARN_OBJC_ROOT_CLASS = YES_ERROR;
				CLANG_WARN_UNREACHABLE_CODE = YES;
				CLANG_WARN__DUPLICATE_METHOD_MATCH = YES;
				"CODE_SIGN_IDENTITY[sdk=iphoneos*]" = "iPhone Developer";
				COPY_PHASE_STRIP = NO;
				ENABLE_STRICT_OBJC_MSGSEND = YES;
				GCC_C_LANGUAGE_STANDARD = gnu99;
				GCC_DYNAMIC_NO_PIC = NO;
				GCC_OPTIMIZATION_LEVEL = 0;
				GCC_PREPROCESSOR_DEFINITIONS = (
					"DEBUG=1",
					"$(inherited)",
				);
				GCC_SYMBOLS_PRIVATE_EXTERN = NO;
				GCC_WARN_64_TO_32_BIT_CONVERSION = YES;
				GCC_WARN_ABOUT_RETURN_TYPE = YES_ERROR;
				GCC_WARN_UNDECLARED_SELECTOR = YES;
				GCC_WARN_UNINITIALIZED_AUTOS = YES_AGGRESSIVE;
				GCC_WARN_UNUSED_FUNCTION = YES;
				GCC_WARN_UNUSED_VARIABLE = YES;
				IPHONEOS_DEPLOYMENT_TARGET = 8.2;
				MTL_ENABLE_DEBUG_INFO = YES;
				ONLY_ACTIVE_ARCH = YES;
				SDKROOT = iphoneos;
			};
			name = Debug;
		};
		1C3208C01AF0B0F200479804 /* Release */ = {
			isa = XCBuildConfiguration;
			buildSettings = {
				ALWAYS_SEARCH_USER_PATHS = NO;
				CLANG_CXX_LANGUAGE_STANDARD = "gnu++0x";
				CLANG_CXX_LIBRARY = "libc++";
				CLANG_ENABLE_MODULES = YES;
				CLANG_ENABLE_OBJC_ARC = YES;
				CLANG_WARN_BOOL_CONVERSION = YES;
				CLANG_WARN_CONSTANT_CONVERSION = YES;
				CLANG_WARN_DIRECT_OBJC_ISA_USAGE = YES_ERROR;
				CLANG_WARN_EMPTY_BODY = YES;
				CLANG_WARN_ENUM_CONVERSION = YES;
				CLANG_WARN_INT_CONVERSION = YES;
				CLANG_WARN_OBJC_ROOT_CLASS = YES_ERROR;
				CLANG_WARN_UNREACHABLE_CODE = YES;
				CLANG_WARN__DUPLICATE_METHOD_MATCH = YES;
				"CODE_SIGN_IDENTITY[sdk=iphoneos*]" = "iPhone Developer";
				COPY_PHASE_STRIP = NO;
				ENABLE_NS_ASSERTIONS = NO;
				ENABLE_STRICT_OBJC_MSGSEND = YES;
				GCC_C_LANGUAGE_STANDARD = gnu99;
				GCC_WARN_64_TO_32_BIT_CONVERSION = YES;
				GCC_WARN_ABOUT_RETURN_TYPE = YES_ERROR;
				GCC_WARN_UNDECLARED_SELECTOR = YES;
				GCC_WARN_UNINITIALIZED_AUTOS = YES_AGGRESSIVE;
				GCC_WARN_UNUSED_FUNCTION = YES;
				GCC_WARN_UNUSED_VARIABLE = YES;
				IPHONEOS_DEPLOYMENT_TARGET = 8.2;
				MTL_ENABLE_DEBUG_INFO = NO;
				SDKROOT = iphoneos;
				VALIDATE_PRODUCT = YES;
			};
			name = Release;
		};
		1C3208C21AF0B0F200479804 /* Debug */ = {
			isa = XCBuildConfiguration;
			buildSettings = {
				ASSETCATALOG_COMPILER_APPICON_NAME = AppIcon;
				INFOPLIST_FILE = DaiSurvivor/Info.plist;
				IPHONEOS_DEPLOYMENT_TARGET = 7.1;
				LD_RUNPATH_SEARCH_PATHS = "$(inherited) @executable_path/Frameworks";
				PRODUCT_NAME = "$(TARGET_NAME)";
			};
			name = Debug;
		};
		1C3208C31AF0B0F200479804 /* Release */ = {
			isa = XCBuildConfiguration;
			buildSettings = {
				ASSETCATALOG_COMPILER_APPICON_NAME = AppIcon;
				INFOPLIST_FILE = DaiSurvivor/Info.plist;
				IPHONEOS_DEPLOYMENT_TARGET = 7.1;
				LD_RUNPATH_SEARCH_PATHS = "$(inherited) @executable_path/Frameworks";
				PRODUCT_NAME = "$(TARGET_NAME)";
			};
			name = Release;
		};
		1C3208C51AF0B0F200479804 /* Debug */ = {
			isa = XCBuildConfiguration;
			buildSettings = {
				BUNDLE_LOADER = "$(TEST_HOST)";
				FRAMEWORK_SEARCH_PATHS = (
					"$(SDKROOT)/Developer/Library/Frameworks",
					"$(inherited)",
				);
				GCC_PREPROCESSOR_DEFINITIONS = (
					"DEBUG=1",
					"$(inherited)",
				);
				INFOPLIST_FILE = DaiSurvivorTests/Info.plist;
				LD_RUNPATH_SEARCH_PATHS = "$(inherited) @executable_path/Frameworks @loader_path/Frameworks";
				PRODUCT_NAME = "$(TARGET_NAME)";
				TEST_HOST = "$(BUILT_PRODUCTS_DIR)/DaiSurvivor.app/DaiSurvivor";
			};
			name = Debug;
		};
		1C3208C61AF0B0F200479804 /* Release */ = {
			isa = XCBuildConfiguration;
			buildSettings = {
				BUNDLE_LOADER = "$(TEST_HOST)";
				FRAMEWORK_SEARCH_PATHS = (
					"$(SDKROOT)/Developer/Library/Frameworks",
					"$(inherited)",
				);
				INFOPLIST_FILE = DaiSurvivorTests/Info.plist;
				LD_RUNPATH_SEARCH_PATHS = "$(inherited) @executable_path/Frameworks @loader_path/Frameworks";
				PRODUCT_NAME = "$(TARGET_NAME)";
				TEST_HOST = "$(BUILT_PRODUCTS_DIR)/DaiSurvivor.app/DaiSurvivor";
			};
			name = Release;
		};
/* End XCBuildConfiguration section */

/* Begin XCConfigurationList section */
		1C3208991AF0B0F200479804 /* Build configuration list for PBXProject "DaiSurvivor" */ = {
			isa = XCConfigurationList;
			buildConfigurations = (
				1C3208BF1AF0B0F200479804 /* Debug */,
				1C3208C01AF0B0F200479804 /* Release */,
			);
			defaultConfigurationIsVisible = 0;
			defaultConfigurationName = Release;
		};
		1C3208C11AF0B0F200479804 /* Build configuration list for PBXNativeTarget "DaiSurvivor" */ = {
			isa = XCConfigurationList;
			buildConfigurations = (
				1C3208C21AF0B0F200479804 /* Debug */,
				1C3208C31AF0B0F200479804 /* Release */,
			);
			defaultConfigurationIsVisible = 0;
		};
		1C3208C41AF0B0F200479804 /* Build configuration list for PBXNativeTarget "DaiSurvivorTests" */ = {
			isa = XCConfigurationList;
			buildConfigurations = (
				1C3208C51AF0B0F200479804 /* Debug */,
				1C3208C61AF0B0F200479804 /* Release */,
			);
			defaultConfigurationIsVisible = 0;
		};
/* End XCConfigurationList section */
	};
	rootObject = 1C3208961AF0B0F200479804 /* Project object */;
}
